// !$*UTF8*$!
{
	archiveVersion = 1;
	classes = {
	};
	objectVersion = 56;
	objects = {

/* Begin PBXBuildFile section */
		AB4DF1F92ABC315C0050E49D /* GalleryCollectionViewCell.swift in Sources */ = {isa = PBXBuildFile; fileRef = AB4DF1F82ABC315C0050E49D /* GalleryCollectionViewCell.swift */; };
		AB4DF1FB2ABC346C0050E49D /* OpenSans-Bold.ttf in Resources */ = {isa = PBXBuildFile; fileRef = AB4DF1FA2ABC346B0050E49D /* OpenSans-Bold.ttf */; };
		AB4DF1FD2ABC35380050E49D /* OpenSans-Regular.ttf in Resources */ = {isa = PBXBuildFile; fileRef = AB4DF1FC2ABC35380050E49D /* OpenSans-Regular.ttf */; };
		AB4DF1FF2ABC822A0050E49D /* ProfileViewController.swift in Sources */ = {isa = PBXBuildFile; fileRef = AB4DF1FE2ABC822A0050E49D /* ProfileViewController.swift */; };
		AB4DF2022ABC85490050E49D /* UserData.swift in Sources */ = {isa = PBXBuildFile; fileRef = AB4DF2012ABC85490050E49D /* UserData.swift */; };
		ABC49ADF2AB9875A0073AAD1 /* AppDelegate.swift in Sources */ = {isa = PBXBuildFile; fileRef = ABC49ADE2AB9875A0073AAD1 /* AppDelegate.swift */; };
		ABC49AE12AB9875A0073AAD1 /* SceneDelegate.swift in Sources */ = {isa = PBXBuildFile; fileRef = ABC49AE02AB9875A0073AAD1 /* SceneDelegate.swift */; };
		ABC49AE32AB9875A0073AAD1 /* ViewController.swift in Sources */ = {isa = PBXBuildFile; fileRef = ABC49AE22AB9875A0073AAD1 /* ViewController.swift */; };
		ABC49AE62AB9875A0073AAD1 /* Main.storyboard in Resources */ = {isa = PBXBuildFile; fileRef = ABC49AE42AB9875A0073AAD1 /* Main.storyboard */; };
		ABC49AE92AB9875A0073AAD1 /* Profile.xcdatamodeld in Sources */ = {isa = PBXBuildFile; fileRef = ABC49AE72AB9875A0073AAD1 /* Profile.xcdatamodeld */; };
		ABC49AEB2AB9875D0073AAD1 /* Assets.xcassets in Resources */ = {isa = PBXBuildFile; fileRef = ABC49AEA2AB9875D0073AAD1 /* Assets.xcassets */; };
		ABC49AEE2AB9875D0073AAD1 /* LaunchScreen.storyboard in Resources */ = {isa = PBXBuildFile; fileRef = ABC49AEC2AB9875D0073AAD1 /* LaunchScreen.storyboard */; };
		ABC49AF62AB987FD0073AAD1 /* ProfileDesignViewController.swift in Sources */ = {isa = PBXBuildFile; fileRef = ABC49AF52AB987FD0073AAD1 /* ProfileDesignViewController.swift */; };
		ABC49AFC2ABB0D880073AAD1 /* OpenSans-VariableFont_wdth,wght.ttf in Resources */ = {isa = PBXBuildFile; fileRef = ABC49AFB2ABB0D880073AAD1 /* OpenSans-VariableFont_wdth,wght.ttf */; };
		ABC49AFE2ABB0D9B0073AAD1 /* OpenSans-Italic-VariableFont_wdth,wght.ttf in Resources */ = {isa = PBXBuildFile; fileRef = ABC49AFD2ABB0D9B0073AAD1 /* OpenSans-Italic-VariableFont_wdth,wght.ttf */; };
		D7C8BF8F7AFADEDAA07D69B9 /* Pods_Profile.framework in Frameworks */ = {isa = PBXBuildFile; fileRef = 8B9EB7D9D85944AD8399E5E1 /* Pods_Profile.framework */; };
/* End PBXBuildFile section */

/* Begin PBXFileReference section */
		1FE4279502ABCEC49C179CE3 /* Pods-Profile.release.xcconfig */ = {isa = PBXFileReference; includeInIndex = 1; lastKnownFileType = text.xcconfig; name = "Pods-Profile.release.xcconfig"; path = "Target Support Files/Pods-Profile/Pods-Profile.release.xcconfig"; sourceTree = "<group>"; };
		8B9EB7D9D85944AD8399E5E1 /* Pods_Profile.framework */ = {isa = PBXFileReference; explicitFileType = wrapper.framework; includeInIndex = 0; path = Pods_Profile.framework; sourceTree = BUILT_PRODUCTS_DIR; };
		AB4DF1F82ABC315C0050E49D /* GalleryCollectionViewCell.swift */ = {isa = PBXFileReference; lastKnownFileType = sourcecode.swift; path = GalleryCollectionViewCell.swift; sourceTree = "<group>"; };
		AB4DF1FA2ABC346B0050E49D /* OpenSans-Bold.ttf */ = {isa = PBXFileReference; lastKnownFileType = file; path = "OpenSans-Bold.ttf"; sourceTree = "<group>"; };
		AB4DF1FC2ABC35380050E49D /* OpenSans-Regular.ttf */ = {isa = PBXFileReference; lastKnownFileType = file; path = "OpenSans-Regular.ttf"; sourceTree = "<group>"; };
		AB4DF1FE2ABC822A0050E49D /* ProfileViewController.swift */ = {isa = PBXFileReference; lastKnownFileType = sourcecode.swift; path = ProfileViewController.swift; sourceTree = "<group>"; };
		AB4DF2012ABC85490050E49D /* UserData.swift */ = {isa = PBXFileReference; lastKnownFileType = sourcecode.swift; path = UserData.swift; sourceTree = "<group>"; };
		ABC49ADB2AB9875A0073AAD1 /* Profile.app */ = {isa = PBXFileReference; explicitFileType = wrapper.application; includeInIndex = 0; path = Profile.app; sourceTree = BUILT_PRODUCTS_DIR; };
		ABC49ADE2AB9875A0073AAD1 /* AppDelegate.swift */ = {isa = PBXFileReference; lastKnownFileType = sourcecode.swift; path = AppDelegate.swift; sourceTree = "<group>"; };
		ABC49AE02AB9875A0073AAD1 /* SceneDelegate.swift */ = {isa = PBXFileReference; lastKnownFileType = sourcecode.swift; path = SceneDelegate.swift; sourceTree = "<group>"; };
		ABC49AE22AB9875A0073AAD1 /* ViewController.swift */ = {isa = PBXFileReference; lastKnownFileType = sourcecode.swift; path = ViewController.swift; sourceTree = "<group>"; };
		ABC49AE52AB9875A0073AAD1 /* Base */ = {isa = PBXFileReference; lastKnownFileType = file.storyboard; name = Base; path = Base.lproj/Main.storyboard; sourceTree = "<group>"; };
		ABC49AE82AB9875A0073AAD1 /* Profile.xcdatamodel */ = {isa = PBXFileReference; lastKnownFileType = wrapper.xcdatamodel; path = Profile.xcdatamodel; sourceTree = "<group>"; };
		ABC49AEA2AB9875D0073AAD1 /* Assets.xcassets */ = {isa = PBXFileReference; lastKnownFileType = folder.assetcatalog; path = Assets.xcassets; sourceTree = "<group>"; };
		ABC49AED2AB9875D0073AAD1 /* Base */ = {isa = PBXFileReference; lastKnownFileType = file.storyboard; name = Base; path = Base.lproj/LaunchScreen.storyboard; sourceTree = "<group>"; };
		ABC49AEF2AB9875D0073AAD1 /* Info.plist */ = {isa = PBXFileReference; lastKnownFileType = text.plist.xml; path = Info.plist; sourceTree = "<group>"; };
		ABC49AF52AB987FD0073AAD1 /* ProfileDesignViewController.swift */ = {isa = PBXFileReference; lastKnownFileType = sourcecode.swift; path = ProfileDesignViewController.swift; sourceTree = "<group>"; };
		ABC49AFB2ABB0D880073AAD1 /* OpenSans-VariableFont_wdth,wght.ttf */ = {isa = PBXFileReference; lastKnownFileType = file; path = "OpenSans-VariableFont_wdth,wght.ttf"; sourceTree = "<group>"; };
		ABC49AFD2ABB0D9B0073AAD1 /* OpenSans-Italic-VariableFont_wdth,wght.ttf */ = {isa = PBXFileReference; lastKnownFileType = file; path = "OpenSans-Italic-VariableFont_wdth,wght.ttf"; sourceTree = "<group>"; };
		CC1D3BC0011A646DA60534FA /* Pods-Profile.debug.xcconfig */ = {isa = PBXFileReference; includeInIndex = 1; lastKnownFileType = text.xcconfig; name = "Pods-Profile.debug.xcconfig"; path = "Target Support Files/Pods-Profile/Pods-Profile.debug.xcconfig"; sourceTree = "<group>"; };
/* End PBXFileReference section */

/* Begin PBXFrameworksBuildPhase section */
		ABC49AD82AB9875A0073AAD1 /* Frameworks */ = {
			isa = PBXFrameworksBuildPhase;
			buildActionMask = 2147483647;
			files = (
				D7C8BF8F7AFADEDAA07D69B9 /* Pods_Profile.framework in Frameworks */,
			);
			runOnlyForDeploymentPostprocessing = 0;
		};
/* End PBXFrameworksBuildPhase section */

/* Begin PBXGroup section */
		66A72FE0E54F2A149E48D0B8 /* Frameworks */ = {
			isa = PBXGroup;
			children = (
				8B9EB7D9D85944AD8399E5E1 /* Pods_Profile.framework */,
			);
			name = Frameworks;
			sourceTree = "<group>";
		};
		AB4DF2002ABC852D0050E49D /* Model */ = {
			isa = PBXGroup;
			children = (
				AB4DF2012ABC85490050E49D /* UserData.swift */,
			);
			path = Model;
			sourceTree = "<group>";
		};
		ABC49AD22AB9875A0073AAD1 = {
			isa = PBXGroup;
			children = (
				AB4DF1FC2ABC35380050E49D /* OpenSans-Regular.ttf */,
				AB4DF1FA2ABC346B0050E49D /* OpenSans-Bold.ttf */,
				ABC49AFD2ABB0D9B0073AAD1 /* OpenSans-Italic-VariableFont_wdth,wght.ttf */,
				ABC49AFB2ABB0D880073AAD1 /* OpenSans-VariableFont_wdth,wght.ttf */,
				ABC49ADD2AB9875A0073AAD1 /* Profile */,
				ABC49ADC2AB9875A0073AAD1 /* Products */,
				E4E14E4CD75035B65379E11B /* Pods */,
				66A72FE0E54F2A149E48D0B8 /* Frameworks */,
			);
			sourceTree = "<group>";
		};
		ABC49ADC2AB9875A0073AAD1 /* Products */ = {
			isa = PBXGroup;
			children = (
				ABC49ADB2AB9875A0073AAD1 /* Profile.app */,
			);
			name = Products;
			sourceTree = "<group>";
		};
		ABC49ADD2AB9875A0073AAD1 /* Profile */ = {
			isa = PBXGroup;
			children = (
				AB4DF2002ABC852D0050E49D /* Model */,
				ABC49ADE2AB9875A0073AAD1 /* AppDelegate.swift */,
				ABC49AE02AB9875A0073AAD1 /* SceneDelegate.swift */,
				ABC49AE22AB9875A0073AAD1 /* ViewController.swift */,
				ABC49AF52AB987FD0073AAD1 /* ProfileDesignViewController.swift */,
				AB4DF1F82ABC315C0050E49D /* GalleryCollectionViewCell.swift */,
				AB4DF1FE2ABC822A0050E49D /* ProfileViewController.swift */,
				ABC49AE42AB9875A0073AAD1 /* Main.storyboard */,
				ABC49AEA2AB9875D0073AAD1 /* Assets.xcassets */,
				ABC49AEC2AB9875D0073AAD1 /* LaunchScreen.storyboard */,
				ABC49AEF2AB9875D0073AAD1 /* Info.plist */,
				ABC49AE72AB9875A0073AAD1 /* Profile.xcdatamodeld */,
			);
			path = Profile;
			sourceTree = "<group>";
		};
		E4E14E4CD75035B65379E11B /* Pods */ = {
			isa = PBXGroup;
			children = (
				CC1D3BC0011A646DA60534FA /* Pods-Profile.debug.xcconfig */,
				1FE4279502ABCEC49C179CE3 /* Pods-Profile.release.xcconfig */,
			);
			path = Pods;
			sourceTree = "<group>";
		};
/* End PBXGroup section */

/* Begin PBXNativeTarget section */
		ABC49ADA2AB9875A0073AAD1 /* Profile */ = {
			isa = PBXNativeTarget;
			buildConfigurationList = ABC49AF22AB9875D0073AAD1 /* Build configuration list for PBXNativeTarget "Profile" */;
			buildPhases = (
				3C98FCF4B0B1BF6BDA1443C8 /* [CP] Check Pods Manifest.lock */,
				ABC49AD72AB9875A0073AAD1 /* Sources */,
				ABC49AD82AB9875A0073AAD1 /* Frameworks */,
				ABC49AD92AB9875A0073AAD1 /* Resources */,
				0CBF80FEC5CFC4872859E5E0 /* [CP] Embed Pods Frameworks */,
			);
			buildRules = (
			);
			dependencies = (
			);
			name = Profile;
			productName = Profile;
			productReference = ABC49ADB2AB9875A0073AAD1 /* Profile.app */;
			productType = "com.apple.product-type.application";
		};
/* End PBXNativeTarget section */

/* Begin PBXProject section */
		ABC49AD32AB9875A0073AAD1 /* Project object */ = {
			isa = PBXProject;
			attributes = {
				BuildIndependentTargetsInParallel = 1;
				LastSwiftUpdateCheck = 1430;
				LastUpgradeCheck = 1430;
				TargetAttributes = {
					ABC49ADA2AB9875A0073AAD1 = {
						CreatedOnToolsVersion = 14.3.1;
					};
				};
			};
			buildConfigurationList = ABC49AD62AB9875A0073AAD1 /* Build configuration list for PBXProject "Profile" */;
			compatibilityVersion = "Xcode 14.0";
			developmentRegion = en;
			hasScannedForEncodings = 0;
			knownRegions = (
				en,
				Base,
			);
			mainGroup = ABC49AD22AB9875A0073AAD1;
			productRefGroup = ABC49ADC2AB9875A0073AAD1 /* Products */;
			projectDirPath = "";
			projectRoot = "";
			targets = (
				ABC49ADA2AB9875A0073AAD1 /* Profile */,
			);
		};
/* End PBXProject section */

/* Begin PBXResourcesBuildPhase section */
		ABC49AD92AB9875A0073AAD1 /* Resources */ = {
			isa = PBXResourcesBuildPhase;
			buildActionMask = 2147483647;
			files = (
				ABC49AEE2AB9875D0073AAD1 /* LaunchScreen.storyboard in Resources */,
				ABC49AEB2AB9875D0073AAD1 /* Assets.xcassets in Resources */,
				AB4DF1FB2ABC346C0050E49D /* OpenSans-Bold.ttf in Resources */,
				AB4DF1FD2ABC35380050E49D /* OpenSans-Regular.ttf in Resources */,
				ABC49AFE2ABB0D9B0073AAD1 /* OpenSans-Italic-VariableFont_wdth,wght.ttf in Resources */,
				ABC49AE62AB9875A0073AAD1 /* Main.storyboard in Resources */,
				ABC49AFC2ABB0D880073AAD1 /* OpenSans-VariableFont_wdth,wght.ttf in Resources */,
			);
			runOnlyForDeploymentPostprocessing = 0;
		};
/* End PBXResourcesBuildPhase section */

/* Begin PBXShellScriptBuildPhase section */
		0CBF80FEC5CFC4872859E5E0 /* [CP] Embed Pods Frameworks */ = {
			isa = PBXShellScriptBuildPhase;
			buildActionMask = 2147483647;
			files = (
			);
			inputFileListPaths = (
				"${PODS_ROOT}/Target Support Files/Pods-Profile/Pods-Profile-frameworks-${CONFIGURATION}-input-files.xcfilelist",
			);
			name = "[CP] Embed Pods Frameworks";
			outputFileListPaths = (
				"${PODS_ROOT}/Target Support Files/Pods-Profile/Pods-Profile-frameworks-${CONFIGURATION}-output-files.xcfilelist",
			);
			runOnlyForDeploymentPostprocessing = 0;
			shellPath = /bin/sh;
			shellScript = "\"${PODS_ROOT}/Target Support Files/Pods-Profile/Pods-Profile-frameworks.sh\"\n";
			showEnvVarsInLog = 0;
		};
		3C98FCF4B0B1BF6BDA1443C8 /* [CP] Check Pods Manifest.lock */ = {
			isa = PBXShellScriptBuildPhase;
			buildActionMask = 2147483647;
			files = (
			);
			inputFileListPaths = (
			);
			inputPaths = (
				"${PODS_PODFILE_DIR_PATH}/Podfile.lock",
				"${PODS_ROOT}/Manifest.lock",
			);
			name = "[CP] Check Pods Manifest.lock";
			outputFileListPaths = (
			);
			outputPaths = (
				"$(DERIVED_FILE_DIR)/Pods-Profile-checkManifestLockResult.txt",
			);
			runOnlyForDeploymentPostprocessing = 0;
			shellPath = /bin/sh;
			shellScript = "diff \"${PODS_PODFILE_DIR_PATH}/Podfile.lock\" \"${PODS_ROOT}/Manifest.lock\" > /dev/null\nif [ $? != 0 ] ; then\n    # print error to STDERR\n    echo \"error: The sandbox is not in sync with the Podfile.lock. Run 'pod install' or update your CocoaPods installation.\" >&2\n    exit 1\nfi\n# This output is used by Xcode 'outputs' to avoid re-running this script phase.\necho \"SUCCESS\" > \"${SCRIPT_OUTPUT_FILE_0}\"\n";
			showEnvVarsInLog = 0;
		};
/* End PBXShellScriptBuildPhase section */

/* Begin PBXSourcesBuildPhase section */
		ABC49AD72AB9875A0073AAD1 /* Sources */ = {
			isa = PBXSourcesBuildPhase;
			buildActionMask = 2147483647;
			files = (
				ABC49AE32AB9875A0073AAD1 /* ViewController.swift in Sources */,
				AB4DF1F92ABC315C0050E49D /* GalleryCollectionViewCell.swift in Sources */,
				AB4DF2022ABC85490050E49D /* UserData.swift in Sources */,
				ABC49AE92AB9875A0073AAD1 /* Profile.xcdatamodeld in Sources */,
				ABC49ADF2AB9875A0073AAD1 /* AppDelegate.swift in Sources */,
				AB4DF1FF2ABC822A0050E49D /* ProfileViewController.swift in Sources */,
				ABC49AE12AB9875A0073AAD1 /* SceneDelegate.swift in Sources */,
				ABC49AF62AB987FD0073AAD1 /* ProfileDesignViewController.swift in Sources */,
			);
			runOnlyForDeploymentPostprocessing = 0;
		};
/* End PBXSourcesBuildPhase section */

/* Begin PBXVariantGroup section */
		ABC49AE42AB9875A0073AAD1 /* Main.storyboard */ = {
			isa = PBXVariantGroup;
			children = (
				ABC49AE52AB9875A0073AAD1 /* Base */,
			);
			name = Main.storyboard;
			sourceTree = "<group>";
		};
		ABC49AEC2AB9875D0073AAD1 /* LaunchScreen.storyboard */ = {
			isa = PBXVariantGroup;
			children = (
				ABC49AED2AB9875D0073AAD1 /* Base */,
			);
			name = LaunchScreen.storyboard;
			sourceTree = "<group>";
		};
/* End PBXVariantGroup section */

/* Begin XCBuildConfiguration section */
		ABC49AF02AB9875D0073AAD1 /* Debug */ = {
			isa = XCBuildConfiguration;
			buildSettings = {
				ALWAYS_SEARCH_USER_PATHS = NO;
				CLANG_ANALYZER_NONNULL = YES;
				CLANG_ANALYZER_NUMBER_OBJECT_CONVERSION = YES_AGGRESSIVE;
				CLANG_CXX_LANGUAGE_STANDARD = "gnu++20";
				CLANG_ENABLE_MODULES = YES;
				CLANG_ENABLE_OBJC_ARC = YES;
				CLANG_ENABLE_OBJC_WEAK = YES;
				CLANG_WARN_BLOCK_CAPTURE_AUTORELEASING = YES;
				CLANG_WARN_BOOL_CONVERSION = YES;
				CLANG_WARN_COMMA = YES;
				CLANG_WARN_CONSTANT_CONVERSION = YES;
				CLANG_WARN_DEPRECATED_OBJC_IMPLEMENTATIONS = YES;
				CLANG_WARN_DIRECT_OBJC_ISA_USAGE = YES_ERROR;
				CLANG_WARN_DOCUMENTATION_COMMENTS = YES;
				CLANG_WARN_EMPTY_BODY = YES;
				CLANG_WARN_ENUM_CONVERSION = YES;
				CLANG_WARN_INFINITE_RECURSION = YES;
				CLANG_WARN_INT_CONVERSION = YES;
				CLANG_WARN_NON_LITERAL_NULL_CONVERSION = YES;
				CLANG_WARN_OBJC_IMPLICIT_RETAIN_SELF = YES;
				CLANG_WARN_OBJC_LITERAL_CONVERSION = YES;
				CLANG_WARN_OBJC_ROOT_CLASS = YES_ERROR;
				CLANG_WARN_QUOTED_INCLUDE_IN_FRAMEWORK_HEADER = YES;
				CLANG_WARN_RANGE_LOOP_ANALYSIS = YES;
				CLANG_WARN_STRICT_PROTOTYPES = YES;
				CLANG_WARN_SUSPICIOUS_MOVE = YES;
				CLANG_WARN_UNGUARDED_AVAILABILITY = YES_AGGRESSIVE;
				CLANG_WARN_UNREACHABLE_CODE = YES;
				CLANG_WARN__DUPLICATE_METHOD_MATCH = YES;
				COPY_PHASE_STRIP = NO;
				DEBUG_INFORMATION_FORMAT = dwarf;
				ENABLE_STRICT_OBJC_MSGSEND = YES;
				ENABLE_TESTABILITY = YES;
				GCC_C_LANGUAGE_STANDARD = gnu11;
				GCC_DYNAMIC_NO_PIC = NO;
				GCC_NO_COMMON_BLOCKS = YES;
				GCC_OPTIMIZATION_LEVEL = 0;
				GCC_PREPROCESSOR_DEFINITIONS = (
					"DEBUG=1",
					"$(inherited)",
				);
				GCC_WARN_64_TO_32_BIT_CONVERSION = YES;
				GCC_WARN_ABOUT_RETURN_TYPE = YES_ERROR;
				GCC_WARN_UNDECLARED_SELECTOR = YES;
				GCC_WARN_UNINITIALIZED_AUTOS = YES_AGGRESSIVE;
				GCC_WARN_UNUSED_FUNCTION = YES;
				GCC_WARN_UNUSED_VARIABLE = YES;
				IPHONEOS_DEPLOYMENT_TARGET = 16.4;
				MTL_ENABLE_DEBUG_INFO = INCLUDE_SOURCE;
				MTL_FAST_MATH = YES;
				ONLY_ACTIVE_ARCH = YES;
				SDKROOT = iphoneos;
				SWIFT_ACTIVE_COMPILATION_CONDITIONS = DEBUG;
				SWIFT_OPTIMIZATION_LEVEL = "-Onone";
			};
			name = Debug;
		};
		ABC49AF12AB9875D0073AAD1 /* Release */ = {
			isa = XCBuildConfiguration;
			buildSettings = {
				ALWAYS_SEARCH_USER_PATHS = NO;
				CLANG_ANALYZER_NONNULL = YES;
				CLANG_ANALYZER_NUMBER_OBJECT_CONVERSION = YES_AGGRESSIVE;
				CLANG_CXX_LANGUAGE_STANDARD = "gnu++20";
				CLANG_ENABLE_MODULES = YES;
				CLANG_ENABLE_OBJC_ARC = YES;
				CLANG_ENABLE_OBJC_WEAK = YES;
				CLANG_WARN_BLOCK_CAPTURE_AUTORELEASING = YES;
				CLANG_WARN_BOOL_CONVERSION = YES;
				CLANG_WARN_COMMA = YES;
				CLANG_WARN_CONSTANT_CONVERSION = YES;
				CLANG_WARN_DEPRECATED_OBJC_IMPLEMENTATIONS = YES;
				CLANG_WARN_DIRECT_OBJC_ISA_USAGE = YES_ERROR;
				CLANG_WARN_DOCUMENTATION_COMMENTS = YES;
				CLANG_WARN_EMPTY_BODY = YES;
				CLANG_WARN_ENUM_CONVERSION = YES;
				CLANG_WARN_INFINITE_RECURSION = YES;
				CLANG_WARN_INT_CONVERSION = YES;
				CLANG_WARN_NON_LITERAL_NULL_CONVERSION = YES;
				CLANG_WARN_OBJC_IMPLICIT_RETAIN_SELF = YES;
				CLANG_WARN_OBJC_LITERAL_CONVERSION = YES;
				CLANG_WARN_OBJC_ROOT_CLASS = YES_ERROR;
				CLANG_WARN_QUOTED_INCLUDE_IN_FRAMEWORK_HEADER = YES;
				CLANG_WARN_RANGE_LOOP_ANALYSIS = YES;
				CLANG_WARN_STRICT_PROTOTYPES = YES;
				CLANG_WARN_SUSPICIOUS_MOVE = YES;
				CLANG_WARN_UNGUARDED_AVAILABILITY = YES_AGGRESSIVE;
				CLANG_WARN_UNREACHABLE_CODE = YES;
				CLANG_WARN__DUPLICATE_METHOD_MATCH = YES;
				COPY_PHASE_STRIP = NO;
				DEBUG_INFORMATION_FORMAT = "dwarf-with-dsym";
				ENABLE_NS_ASSERTIONS = NO;
				ENABLE_STRICT_OBJC_MSGSEND = YES;
				GCC_C_LANGUAGE_STANDARD = gnu11;
				GCC_NO_COMMON_BLOCKS = YES;
				GCC_WARN_64_TO_32_BIT_CONVERSION = YES;
				GCC_WARN_ABOUT_RETURN_TYPE = YES_ERROR;
				GCC_WARN_UNDECLARED_SELECTOR = YES;
				GCC_WARN_UNINITIALIZED_AUTOS = YES_AGGRESSIVE;
				GCC_WARN_UNUSED_FUNCTION = YES;
				GCC_WARN_UNUSED_VARIABLE = YES;
				IPHONEOS_DEPLOYMENT_TARGET = 16.4;
				MTL_ENABLE_DEBUG_INFO = NO;
				MTL_FAST_MATH = YES;
				SDKROOT = iphoneos;
				SWIFT_COMPILATION_MODE = wholemodule;
				SWIFT_OPTIMIZATION_LEVEL = "-O";
				VALIDATE_PRODUCT = YES;
			};
			name = Release;
		};
		ABC49AF32AB9875D0073AAD1 /* Debug */ = {
			isa = XCBuildConfiguration;
			baseConfigurationReference = CC1D3BC0011A646DA60534FA /* Pods-Profile.debug.xcconfig */;
			buildSettings = {
				ASSETCATALOG_COMPILER_APPICON_NAME = AppIcon;
				ASSETCATALOG_COMPILER_GLOBAL_ACCENT_COLOR_NAME = AccentColor;
				CODE_SIGN_STYLE = Automatic;
				CURRENT_PROJECT_VERSION = 1;
				GENERATE_INFOPLIST_FILE = YES;
				INFOPLIST_FILE = Profile/Info.plist;
				INFOPLIST_KEY_UIApplicationSupportsIndirectInputEvents = YES;
				INFOPLIST_KEY_UILaunchStoryboardName = LaunchScreen;
				INFOPLIST_KEY_UIMainStoryboardFile = Main;
				INFOPLIST_KEY_UISupportedInterfaceOrientations_iPad = "UIInterfaceOrientationPortrait UIInterfaceOrientationPortraitUpsideDown UIInterfaceOrientationLandscapeLeft UIInterfaceOrientationLandscapeRight";
				INFOPLIST_KEY_UISupportedInterfaceOrientations_iPhone = "UIInterfaceOrientationPortrait UIInterfaceOrientationLandscapeLeft UIInterfaceOrientationLandscapeRight";
				LD_RUNPATH_SEARCH_PATHS = (
					"$(inherited)",
					"@executable_path/Frameworks",
				);
				MARKETING_VERSION = 1.0;
				PRODUCT_BUNDLE_IDENTIFIER = calculator.Profile;
				PRODUCT_NAME = "$(TARGET_NAME)";
				SWIFT_EMIT_LOC_STRINGS = YES;
				SWIFT_VERSION = 5.0;
				TARGETED_DEVICE_FAMILY = "1,2";
			};
			name = Debug;
		};
		ABC49AF42AB9875D0073AAD1 /* Release */ = {
			isa = XCBuildConfiguration;
			baseConfigurationReference = 1FE4279502ABCEC49C179CE3 /* Pods-Profile.release.xcconfig */;
			buildSettings = {
				ASSETCATALOG_COMPILER_APPICON_NAME = AppIcon;
				ASSETCATALOG_COMPILER_GLOBAL_ACCENT_COLOR_NAME = AccentColor;
				CODE_SIGN_STYLE = Automatic;
				CURRENT_PROJECT_VERSION = 1;
				GENERATE_INFOPLIST_FILE = YES;
				INFOPLIST_FILE = Profile/Info.plist;
				INFOPLIST_KEY_UIApplicationSupportsIndirectInputEvents = YES;
				INFOPLIST_KEY_UILaunchStoryboardName = LaunchScreen;
				INFOPLIST_KEY_UIMainStoryboardFile = Main;
				INFOPLIST_KEY_UISupportedInterfaceOrientations_iPad = "UIInterfaceOrientationPortrait UIInterfaceOrientationPortraitUpsideDown UIInterfaceOrientationLandscapeLeft UIInterfaceOrientationLandscapeRight";
				INFOPLIST_KEY_UISupportedInterfaceOrientations_iPhone = "UIInterfaceOrientationPortrait UIInterfaceOrientationLandscapeLeft UIInterfaceOrientationLandscapeRight";
				LD_RUNPATH_SEARCH_PATHS = (
					"$(inherited)",
					"@executable_path/Frameworks",
				);
				MARKETING_VERSION = 1.0;
				PRODUCT_BUNDLE_IDENTIFIER = calculator.Profile;
				PRODUCT_NAME = "$(TARGET_NAME)";
				SWIFT_EMIT_LOC_STRINGS = YES;
				SWIFT_VERSION = 5.0;
				TARGETED_DEVICE_FAMILY = "1,2";
			};
			name = Release;
		};
/* End XCBuildConfiguration section */

/* Begin XCConfigurationList section */
		ABC49AD62AB9875A0073AAD1 /* Build configuration list for PBXProject "Profile" */ = {
			isa = XCConfigurationList;
			buildConfigurations = (
				ABC49AF02AB9875D0073AAD1 /* Debug */,
				ABC49AF12AB9875D0073AAD1 /* Release */,
			);
			defaultConfigurationIsVisible = 0;
			defaultConfigurationName = Release;
		};
		ABC49AF22AB9875D0073AAD1 /* Build configuration list for PBXNativeTarget "Profile" */ = {
			isa = XCConfigurationList;
			buildConfigurations = (
				ABC49AF32AB9875D0073AAD1 /* Debug */,
				ABC49AF42AB9875D0073AAD1 /* Release */,
			);
			defaultConfigurationIsVisible = 0;
			defaultConfigurationName = Release;
		};
/* End XCConfigurationList section */

/* Begin XCVersionGroup section */
		ABC49AE72AB9875A0073AAD1 /* Profile.xcdatamodeld */ = {
			isa = XCVersionGroup;
			children = (
				ABC49AE82AB9875A0073AAD1 /* Profile.xcdatamodel */,
			);
			currentVersion = ABC49AE82AB9875A0073AAD1 /* Profile.xcdatamodel */;
			path = Profile.xcdatamodeld;
			sourceTree = "<group>";
			versionGroupType = wrapper.xcdatamodel;
		};
/* End XCVersionGroup section */
	};
	rootObject = ABC49AD32AB9875A0073AAD1 /* Project object */;
}
